
Microsoft Visual Studio Solution File, Format Version 12.00
Project("{8BC9CEB8-8B4A-11D0-8D11-00A0C91BC942}") = "ConsoleApplication1", "ConsoleApplication1\ConsoleApplication1.vcxproj", "{CD5CEAE9-AA5A-4247-A03E-15E0273A38AA}"
EndProject
Global
	GlobalSection(SolutionConfigurationPlatforms) = preSolution
		Debug|Win32 = Debug|Win32
		Debug|x64 = Debug|x64
		Release|Win32 = Release|Win32
		Release|x64 = Release|x64
	EndGlobalSection
	GlobalSection(ProjectConfigurationPlatforms) = postSolution
		{CD5CEAE9-AA5A-4247-A03E-15E0273A38AA}.Debug|Win32.ActiveCfg = Debug|Win32
		{CD5CEAE9-AA5A-4247-A03E-15E0273A38AA}.Debug|Win32.Build.0 = Debug|Win32
		{CD5CEAE9-AA5A-4247-A03E-15E0273A38AA}.Debug|x64.ActiveCfg = Debug|x64
		{CD5CEAE9-AA5A-4247-A03E-15E0273A38AA}.Debug|x64.Build.0 = Debug|x64
		{CD5CEAE9-AA5A-4247-A03E-15E0273A38AA}.Release|Win32.ActiveCfg = Release|Win32
		{CD5CEAE9-AA5A-4247-A03E-15E0273A38AA}.Release|Win32.Build.0 = Release|Win32
		{CD5CEAE9-AA5A-4247-A03E-15E0273A38AA}.Release|x64.ActiveCfg = Release|x64
		{CD5CEAE9-AA5A-4247-A03E-15E0273A38AA}.Release|x64.Build.0 = Release|x64
	EndGlobalSection
EndGlobal
